
Microsoft Visual Studio Solution File, Format Version 12.00
# Visual Studio 2012
Project("{FAE04EC0-301F-11D3-BF4B-00C04F79EFBC}") = "MasterDetailExample", "MasterDetailExample\MasterDetailExample.csproj", "{6EBFA6B6-6702-4B58-89D2-E7FE1D3E7610}"
EndProject
Global
	GlobalSection(SolutionConfigurationPlatforms) = preSolution
		Debug|iPhoneSimulator = Debug|iPhoneSimulator
		Release|iPhone = Release|iPhone
		Release|iPhoneSimulator = Release|iPhoneSimulator
		Debug|iPhone = Debug|iPhone
	EndGlobalSection
	GlobalSection(ProjectConfigurationPlatforms) = postSolution
		{6EBFA6B6-6702-4B58-89D2-E7FE1D3E7610}.Debug|iPhoneSimulator.ActiveCfg = Debug|iPhoneSimulator
		{6EBFA6B6-6702-4B58-89D2-E7FE1D3E7610}.Debug|iPhoneSimulator.Build.0 = Debug|iPhoneSimulator
		{6EBFA6B6-6702-4B58-89D2-E7FE1D3E7610}.Release|iPhone.ActiveCfg = Release|iPhone
		{6EBFA6B6-6702-4B58-89D2-E7FE1D3E7610}.Release|iPhone.Build.0 = Release|iPhone
		{6EBFA6B6-6702-4B58-89D2-E7FE1D3E7610}.Release|iPhoneSimulator.ActiveCfg = Release|iPhoneSimulator
		{6EBFA6B6-6702-4B58-89D2-E7FE1D3E7610}.Release|iPhoneSimulator.Build.0 = Release|iPhoneSimulator
		{6EBFA6B6-6702-4B58-89D2-E7FE1D3E7610}.Debug|iPhone.ActiveCfg = Debug|iPhone
		{6EBFA6B6-6702-4B58-89D2-E7FE1D3E7610}.Debug|iPhone.Build.0 = Debug|iPhone
	EndGlobalSection
EndGlobal
