
Microsoft Visual Studio Solution File, Format Version 12.00
# Visual Studio 2012
Project("{FAE04EC0-301F-11D3-BF4B-00C04F79EFBC}") = "WebviewAppExample", "WebviewAppExample\WebviewAppExample.csproj", "{AD0B1D67-3E31-487C-AA87-1EF13E3D2BF5}"
EndProject
Global
	GlobalSection(SolutionConfigurationPlatforms) = preSolution
		Debug|iPhoneSimulator = Debug|iPhoneSimulator
		Release|iPhone = Release|iPhone
		Release|iPhoneSimulator = Release|iPhoneSimulator
		Debug|iPhone = Debug|iPhone
	EndGlobalSection
	GlobalSection(ProjectConfigurationPlatforms) = postSolution
		{AD0B1D67-3E31-487C-AA87-1EF13E3D2BF5}.Debug|iPhoneSimulator.ActiveCfg = Debug|iPhoneSimulator
		{AD0B1D67-3E31-487C-AA87-1EF13E3D2BF5}.Debug|iPhoneSimulator.Build.0 = Debug|iPhoneSimulator
		{AD0B1D67-3E31-487C-AA87-1EF13E3D2BF5}.Release|iPhone.ActiveCfg = Release|iPhone
		{AD0B1D67-3E31-487C-AA87-1EF13E3D2BF5}.Release|iPhone.Build.0 = Release|iPhone
		{AD0B1D67-3E31-487C-AA87-1EF13E3D2BF5}.Release|iPhoneSimulator.ActiveCfg = Release|iPhoneSimulator
		{AD0B1D67-3E31-487C-AA87-1EF13E3D2BF5}.Release|iPhoneSimulator.Build.0 = Release|iPhoneSimulator
		{AD0B1D67-3E31-487C-AA87-1EF13E3D2BF5}.Debug|iPhone.ActiveCfg = Debug|iPhone
		{AD0B1D67-3E31-487C-AA87-1EF13E3D2BF5}.Debug|iPhone.Build.0 = Debug|iPhone
	EndGlobalSection
EndGlobal
