
Microsoft Visual Studio Solution File, Format Version 12.00
# Visual Studio 2012
Project("{FAE04EC0-301F-11D3-BF4B-00C04F79EFBC}") = "HelloXamarin", "HelloXamarin\HelloXamarin.csproj", "{8DBF46EA-2A4F-4AE1-A84B-122B2D2B66DF}"
EndProject
Global
	GlobalSection(SolutionConfigurationPlatforms) = preSolution
		Debug|iPhoneSimulator = Debug|iPhoneSimulator
		Release|iPhone = Release|iPhone
		Release|iPhoneSimulator = Release|iPhoneSimulator
		Debug|iPhone = Debug|iPhone
	EndGlobalSection
	GlobalSection(ProjectConfigurationPlatforms) = postSolution
		{8DBF46EA-2A4F-4AE1-A84B-122B2D2B66DF}.Debug|iPhone.ActiveCfg = Debug|iPhone
		{8DBF46EA-2A4F-4AE1-A84B-122B2D2B66DF}.Debug|iPhone.Build.0 = Debug|iPhone
		{8DBF46EA-2A4F-4AE1-A84B-122B2D2B66DF}.Debug|iPhoneSimulator.ActiveCfg = Debug|iPhoneSimulator
		{8DBF46EA-2A4F-4AE1-A84B-122B2D2B66DF}.Debug|iPhoneSimulator.Build.0 = Debug|iPhoneSimulator
		{8DBF46EA-2A4F-4AE1-A84B-122B2D2B66DF}.Release|iPhone.ActiveCfg = Release|iPhone
		{8DBF46EA-2A4F-4AE1-A84B-122B2D2B66DF}.Release|iPhone.Build.0 = Release|iPhone
		{8DBF46EA-2A4F-4AE1-A84B-122B2D2B66DF}.Release|iPhoneSimulator.ActiveCfg = Release|iPhoneSimulator
		{8DBF46EA-2A4F-4AE1-A84B-122B2D2B66DF}.Release|iPhoneSimulator.Build.0 = Release|iPhoneSimulator
	EndGlobalSection
EndGlobal
