
Microsoft Visual Studio Solution File, Format Version 12.00
# Visual Studio 2012
Project("{FAE04EC0-301F-11D3-BF4B-00C04F79EFBC}") = "EventExample", "EventExample\EventExample.csproj", "{0435A35E-74F2-4AFE-B4E3-3458E77B2F4C}"
EndProject
Global
	GlobalSection(SolutionConfigurationPlatforms) = preSolution
		Debug|iPhoneSimulator = Debug|iPhoneSimulator
		Release|iPhone = Release|iPhone
		Release|iPhoneSimulator = Release|iPhoneSimulator
		Debug|iPhone = Debug|iPhone
	EndGlobalSection
	GlobalSection(ProjectConfigurationPlatforms) = postSolution
		{0435A35E-74F2-4AFE-B4E3-3458E77B2F4C}.Debug|iPhoneSimulator.ActiveCfg = Debug|iPhoneSimulator
		{0435A35E-74F2-4AFE-B4E3-3458E77B2F4C}.Debug|iPhoneSimulator.Build.0 = Debug|iPhoneSimulator
		{0435A35E-74F2-4AFE-B4E3-3458E77B2F4C}.Release|iPhone.ActiveCfg = Release|iPhone
		{0435A35E-74F2-4AFE-B4E3-3458E77B2F4C}.Release|iPhone.Build.0 = Release|iPhone
		{0435A35E-74F2-4AFE-B4E3-3458E77B2F4C}.Release|iPhoneSimulator.ActiveCfg = Release|iPhoneSimulator
		{0435A35E-74F2-4AFE-B4E3-3458E77B2F4C}.Release|iPhoneSimulator.Build.0 = Release|iPhoneSimulator
		{0435A35E-74F2-4AFE-B4E3-3458E77B2F4C}.Debug|iPhone.ActiveCfg = Debug|iPhone
		{0435A35E-74F2-4AFE-B4E3-3458E77B2F4C}.Debug|iPhone.Build.0 = Debug|iPhone
	EndGlobalSection
EndGlobal
